PODS:
  - Lockbox (1.4.2)
  - SVProgressHUD (0.9)
  - SVPullToRefresh (0.4.1)

DEPENDENCIES:
  - Lockbox
  - SVProgressHUD
  - SVPullToRefresh

SPEC CHECKSUMS:
  Lockbox: d1be948dcf7ef9e584ee9d56787728f99336e87f
  SVProgressHUD: 03d4845ec8e64591726428a08236c6a5489d45f8
  SVPullToRefresh: 61a0e4bd12bd6f8e3465909810b0fbeb1a28d5f2

COCOAPODS: 0.22.3
